
Microsoft Visual Studio Solution File, Format Version 12.00
# Visual Studio Version 17
VisualStudioVersion = 17.6.33723.286
MinimumVisualStudioVersion = 10.0.40219.1
Project("{FAE04EC0-301F-11D3-BF4B-00C04F79EFBC}") = "GlobalUnProtect", "GlobalUnProtect.csproj", "{E9172085-1595-4E98-ABF8-E890D2489BB5}"
EndProject
Global
	GlobalSection(SolutionConfigurationPlatforms) = preSolution
		Debug|Any CPU = Debug|Any CPU
		Release|Any CPU = Release|Any CPU
	EndGlobalSection
	GlobalSection(ProjectConfigurationPlatforms) = postSolution
		{E9172085-1595-4E98-ABF8-E890D2489BB5}.Debug|Any CPU.ActiveCfg = Debug|Any CPU
		{E9172085-1595-4E98-ABF8-E890D2489BB5}.Debug|Any CPU.Build.0 = Debug|Any CPU
		{E9172085-1595-4E98-ABF8-E890D2489BB5}.Release|Any CPU.ActiveCfg = Release|Any CPU
		{E9172085-1595-4E98-ABF8-E890D2489BB5}.Release|Any CPU.Build.0 = Release|Any CPU
	EndGlobalSection
	GlobalSection(SolutionProperties) = preSolution
		HideSolutionNode = FALSE
	EndGlobalSection
	GlobalSection(ExtensibilityGlobals) = postSolution
		SolutionGuid = {C84060EF-E4B8-4BDB-AE5D-991EF0CBE295}
	EndGlobalSection
EndGlobal
